<Solution>
  <Configurations>
    <Platform Name="x64" />
    <Platform Name="x86" />
  </Configurations>
  <Project Path="01_LanguageLab/01_LanguageLab.vcxproj" Id="8c2c047f-a65e-4500-a0b0-b68d9b575740" />
  <Project Path="02_MemoryLab/02_MemoryLab.vcxproj" Id="5607b2af-5a37-43cb-8f4a-cbe6161bb08f" />
  <Project Path="03_DeviceModel/03_DeviceModel.vcxproj" Id="4965a0db-899c-4f2d-8888-813316d117bb" />
  <Project Path="03_DeviceModelEXE/03_DeviceModelEXE.vcxproj" Id="601cd773-db5a-4183-adbc-4f43a30eab92" />
  <Project Path="12_BankingLab class/12_BankingLab class.vcxproj" Id="9176f759-9e07-4d67-8736-bcd7d352803e" />
  <Project Path="10_Calculator/10_Calculator.vcxproj" Id="b0fc3370-6f15-4d84-bae2-25350ef983f1" />
  <Project Path="11_GradeAnalyzer/11_GradeAnalyzer.vcxproj" Id="cc31f583-4a10-4942-baa4-4f9cc456bee2" />
  <Project Path="13_PaymentLab/13_PaymentLab.vcxproj" Id="bec56556-423e-4645-8c05-480facf3d022" />
  <Project Path="14_LibraryLab/14_LibraryLab.vcxproj" Id="263d6c9a-95a6-4bdd-a177-5b6b2761f0ac" />
  <Project Path="17_ShapesLab/17_ShapesLab.vcxproj" Id="35d8f646-738c-42c3-a206-0e87535d5aa0" />
  <Project Path="18_EmployeeLab/18_EmployeeLab.vcxproj" Id="ae7fd6a4-61f0-495c-a602-4726c557204d" />
  <Project Path="2_ParkingLab/2_ParkingLab.vcxproj" Id="89715ac4-2878-4be8-8e43-d529d3586c1e" />
  <Project Path="Calc/Calc.vcxproj" Id="66019079-49cc-486a-a373-92da8e35a5c0" />
  <Project Path="CodeSamples/CodeSamples.vcxproj" Id="64143b50-1602-4cd5-bfb8-c67e14fc77d0" />
</Solution>
